
Microsoft Visual Studio Solution File, Format Version 12.00
# Visual Studio Version 17
VisualStudioVersion = 17.13.35825.156 d17.13
MinimumVisualStudioVersion = 10.0.40219.1
Project("{FAE04EC0-301F-11D3-BF4B-00C04F79EFBC}") = "MvcNetCoreAWSPostgresEC2", "MvcNetCoreAWSPostgresEC2\MvcNetCoreAWSPostgresEC2.csproj", "{08111B41-E251-4AAB-9C0D-E9958A35C378}"
EndProject
Global
	GlobalSection(SolutionConfigurationPlatforms) = preSolution
		Debug|Any CPU = Debug|Any CPU
		Release|Any CPU = Release|Any CPU
	EndGlobalSection
	GlobalSection(ProjectConfigurationPlatforms) = postSolution
		{08111B41-E251-4AAB-9C0D-E9958A35C378}.Debug|Any CPU.ActiveCfg = Debug|Any CPU
		{08111B41-E251-4AAB-9C0D-E9958A35C378}.Debug|Any CPU.Build.0 = Debug|Any CPU
		{08111B41-E251-4AAB-9C0D-E9958A35C378}.Release|Any CPU.ActiveCfg = Release|Any CPU
		{08111B41-E251-4AAB-9C0D-E9958A35C378}.Release|Any CPU.Build.0 = Release|Any CPU
	EndGlobalSection
	GlobalSection(SolutionProperties) = preSolution
		HideSolutionNode = FALSE
	EndGlobalSection
	GlobalSection(ExtensibilityGlobals) = postSolution
		SolutionGuid = {4F66CF31-28E5-465B-BC25-582A9361B2DC}
	EndGlobalSection
EndGlobal
